// !$*UTF8*$!
{
	archiveVersion = 1;
	classes = {
	};
	objectVersion = 50;
	objects = {

/* Begin PBXBuildFile section */
		C815A16D26425D1100533506 /* .swiftlint.yml in Resources */ = {isa = PBXBuildFile; fileRef = C815A16C26425D1100533506 /* .swiftlint.yml */; };
		C82FCE1A26424FEF00F2E22B /* AppDelegate.swift in Sources */ = {isa = PBXBuildFile; fileRef = C82FCE1926424FEF00F2E22B /* AppDelegate.swift */; };
		C82FCE1C26424FEF00F2E22B /* SceneDelegate.swift in Sources */ = {isa = PBXBuildFile; fileRef = C82FCE1B26424FEF00F2E22B /* SceneDelegate.swift */; };
		C82FCE1E26424FEF00F2E22B /* ViewController.swift in Sources */ = {isa = PBXBuildFile; fileRef = C82FCE1D26424FEF00F2E22B /* ViewController.swift */; };
		C82FCE2126424FEF00F2E22B /* Main.storyboard in Resources */ = {isa = PBXBuildFile; fileRef = C82FCE1F26424FEF00F2E22B /* Main.storyboard */; };
		C82FCE2326424FF000F2E22B /* Assets.xcassets in Resources */ = {isa = PBXBuildFile; fileRef = C82FCE2226424FF000F2E22B /* Assets.xcassets */; };
		C82FCE2626424FF000F2E22B /* LaunchScreen.storyboard in Resources */ = {isa = PBXBuildFile; fileRef = C82FCE2426424FF000F2E22B /* LaunchScreen.storyboard */; };
/* End PBXBuildFile section */

/* Begin PBXFileReference section */
		C815A16C26425D1100533506 /* .swiftlint.yml */ = {isa = PBXFileReference; lastKnownFileType = text.yaml; path = .swiftlint.yml; sourceTree = "<group>"; };
		C82FCE1626424FEF00F2E22B /* practice5.app */ = {isa = PBXFileReference; explicitFileType = wrapper.application; includeInIndex = 0; path = practice5.app; sourceTree = BUILT_PRODUCTS_DIR; };
		C82FCE1926424FEF00F2E22B /* AppDelegate.swift */ = {isa = PBXFileReference; lastKnownFileType = sourcecode.swift; path = AppDelegate.swift; sourceTree = "<group>"; };
		C82FCE1B26424FEF00F2E22B /* SceneDelegate.swift */ = {isa = PBXFileReference; lastKnownFileType = sourcecode.swift; path = SceneDelegate.swift; sourceTree = "<group>"; };
		C82FCE1D26424FEF00F2E22B /* ViewController.swift */ = {isa = PBXFileReference; lastKnownFileType = sourcecode.swift; path = ViewController.swift; sourceTree = "<group>"; };
		C82FCE2026424FEF00F2E22B /* Base */ = {isa = PBXFileReference; lastKnownFileType = file.storyboard; name = Base; path = Base.lproj/Main.storyboard; sourceTree = "<group>"; };
		C82FCE2226424FF000F2E22B /* Assets.xcassets */ = {isa = PBXFileReference; lastKnownFileType = folder.assetcatalog; path = Assets.xcassets; sourceTree = "<group>"; };
		C82FCE2526424FF000F2E22B /* Base */ = {isa = PBXFileReference; lastKnownFileType = file.storyboard; name = Base; path = Base.lproj/LaunchScreen.storyboard; sourceTree = "<group>"; };
		C82FCE2726424FF000F2E22B /* Info.plist */ = {isa = PBXFileReference; lastKnownFileType = text.plist.xml; path = Info.plist; sourceTree = "<group>"; };
/* End PBXFileReference section */

/* Begin PBXFrameworksBuildPhase section */
		C82FCE1326424FEF00F2E22B /* Frameworks */ = {
			isa = PBXFrameworksBuildPhase;
			buildActionMask = 2147483647;
			files = (
			);
			runOnlyForDeploymentPostprocessing = 0;
		};
/* End PBXFrameworksBuildPhase section */

/* Begin PBXGroup section */
		C82FCE0D26424FEF00F2E22B = {
			isa = PBXGroup;
			children = (
				C82FCE1826424FEF00F2E22B /* practice5 */,
				C82FCE1726424FEF00F2E22B /* Products */,
			);
			sourceTree = "<group>";
		};
		C82FCE1726424FEF00F2E22B /* Products */ = {
			isa = PBXGroup;
			children = (
				C82FCE1626424FEF00F2E22B /* practice5.app */,
			);
			name = Products;
			sourceTree = "<group>";
		};
		C82FCE1826424FEF00F2E22B /* practice5 */ = {
			isa = PBXGroup;
			children = (
				C82FCE1926424FEF00F2E22B /* AppDelegate.swift */,
				C82FCE1B26424FEF00F2E22B /* SceneDelegate.swift */,
				C82FCE1D26424FEF00F2E22B /* ViewController.swift */,
				C82FCE1F26424FEF00F2E22B /* Main.storyboard */,
				C82FCE2226424FF000F2E22B /* Assets.xcassets */,
				C82FCE2426424FF000F2E22B /* LaunchScreen.storyboard */,
				C82FCE2726424FF000F2E22B /* Info.plist */,
				C815A16C26425D1100533506 /* .swiftlint.yml */,
			);
			path = practice5;
			sourceTree = "<group>";
		};
/* End PBXGroup section */

/* Begin PBXNativeTarget section */
		C82FCE1526424FEF00F2E22B /* practice5 */ = {
			isa = PBXNativeTarget;
			buildConfigurationList = C82FCE2A26424FF000F2E22B /* Build configuration list for PBXNativeTarget "practice5" */;
			buildPhases = (
				C82FCE1226424FEF00F2E22B /* Sources */,
				C82FCE1326424FEF00F2E22B /* Frameworks */,
				C82FCE1426424FEF00F2E22B /* Resources */,
				C82FCE2F2642500A00F2E22B /* ShellScript */,
			);
			buildRules = (
			);
			dependencies = (
			);
			name = practice5;
			productName = practice5;
			productReference = C82FCE1626424FEF00F2E22B /* practice5.app */;
			productType = "com.apple.product-type.application";
		};
/* End PBXNativeTarget section */

/* Begin PBXProject section */
		C82FCE0E26424FEF00F2E22B /* Project object */ = {
			isa = PBXProject;
			attributes = {
				LastSwiftUpdateCheck = 1240;
				LastUpgradeCheck = 1240;
				TargetAttributes = {
					C82FCE1526424FEF00F2E22B = {
						CreatedOnToolsVersion = 12.4;
					};
				};
			};
			buildConfigurationList = C82FCE1126424FEF00F2E22B /* Build configuration list for PBXProject "practice5" */;
			compatibilityVersion = "Xcode 9.3";
			developmentRegion = en;
			hasScannedForEncodings = 0;
			knownRegions = (
				en,
				Base,
			);
			mainGroup = C82FCE0D26424FEF00F2E22B;
			productRefGroup = C82FCE1726424FEF00F2E22B /* Products */;
			projectDirPath = "";
			projectRoot = "";
			targets = (
				C82FCE1526424FEF00F2E22B /* practice5 */,
			);
		};
/* End PBXProject section */

/* Begin PBXResourcesBuildPhase section */
		C82FCE1426424FEF00F2E22B /* Resources */ = {
			isa = PBXResourcesBuildPhase;
			buildActionMask = 2147483647;
			files = (
				C815A16D26425D1100533506 /* .swiftlint.yml in Resources */,
				C82FCE2626424FF000F2E22B /* LaunchScreen.storyboard in Resources */,
				C82FCE2326424FF000F2E22B /* Assets.xcassets in Resources */,
				C82FCE2126424FEF00F2E22B /* Main.storyboard in Resources */,
			);
			runOnlyForDeploymentPostprocessing = 0;
		};
/* End PBXResourcesBuildPhase section */

/* Begin PBXShellScriptBuildPhase section */
		C82FCE2F2642500A00F2E22B /* ShellScript */ = {
			isa = PBXShellScriptBuildPhase;
			buildActionMask = 2147483647;
			files = (
			);
			inputFileListPaths = (
			);
			inputPaths = (
			);
			outputFileListPaths = (
			);
			outputPaths = (
			);
			runOnlyForDeploymentPostprocessing = 0;
			shellPath = /bin/sh;
			shellScript = "if which swiftlint >/dev/null; then\n    swiftlint\nelse\n    echo \"warning: SwiftLint not installed, download from ///\"\nfi\n\n";
		};
/* End PBXShellScriptBuildPhase section */

/* Begin PBXSourcesBuildPhase section */
		C82FCE1226424FEF00F2E22B /* Sources */ = {
			isa = PBXSourcesBuildPhase;
			buildActionMask = 2147483647;
			files = (
				C82FCE1E26424FEF00F2E22B /* ViewController.swift in Sources */,
				C82FCE1A26424FEF00F2E22B /* AppDelegate.swift in Sources */,
				C82FCE1C26424FEF00F2E22B /* SceneDelegate.swift in Sources */,
			);
			runOnlyForDeploymentPostprocessing = 0;
		};
/* End PBXSourcesBuildPhase section */

/* Begin PBXVariantGroup section */
		C82FCE1F26424FEF00F2E22B /* Main.storyboard */ = {
			isa = PBXVariantGroup;
			children = (
				C82FCE2026424FEF00F2E22B /* Base */,
			);
			name = Main.storyboard;
			sourceTree = "<group>";
		};
		C82FCE2426424FF000F2E22B /* LaunchScreen.storyboard */ = {
			isa = PBXVariantGroup;
			children = (
				C82FCE2526424FF000F2E22B /* Base */,
			);
			name = LaunchScreen.storyboard;
			sourceTree = "<group>";
		};
/* End PBXVariantGroup section */

/* Begin XCBuildConfiguration section */
		C82FCE2826424FF000F2E22B /* Debug */ = {
			isa = XCBuildConfiguration;
			buildSettings = {
				ALWAYS_SEARCH_USER_PATHS = NO;
				CLANG_ANALYZER_NONNULL = YES;
				CLANG_ANALYZER_NUMBER_OBJECT_CONVERSION = YES_AGGRESSIVE;
				CLANG_CXX_LANGUAGE_STANDARD = "gnu++14";
				CLANG_CXX_LIBRARY = "libc++";
				CLANG_ENABLE_MODULES = YES;
				CLANG_ENABLE_OBJC_ARC = YES;
				CLANG_ENABLE_OBJC_WEAK = YES;
				CLANG_WARN_BLOCK_CAPTURE_AUTORELEASING = YES;
				CLANG_WARN_BOOL_CONVERSION = YES;
				CLANG_WARN_COMMA = YES;
				CLANG_WARN_CONSTANT_CONVERSION = YES;
				CLANG_WARN_DEPRECATED_OBJC_IMPLEMENTATIONS = YES;
				CLANG_WARN_DIRECT_OBJC_ISA_USAGE = YES_ERROR;
				CLANG_WARN_DOCUMENTATION_COMMENTS = YES;
				CLANG_WARN_EMPTY_BODY = YES;
				CLANG_WARN_ENUM_CONVERSION = YES;
				CLANG_WARN_INFINITE_RECURSION = YES;
				CLANG_WARN_INT_CONVERSION = YES;
				CLANG_WARN_NON_LITERAL_NULL_CONVERSION = YES;
				CLANG_WARN_OBJC_IMPLICIT_RETAIN_SELF = YES;
				CLANG_WARN_OBJC_LITERAL_CONVERSION = YES;
				CLANG_WARN_OBJC_ROOT_CLASS = YES_ERROR;
				CLANG_WARN_QUOTED_INCLUDE_IN_FRAMEWORK_HEADER = YES;
				CLANG_WARN_RANGE_LOOP_ANALYSIS = YES;
				CLANG_WARN_STRICT_PROTOTYPES = YES;
				CLANG_WARN_SUSPICIOUS_MOVE = YES;
				CLANG_WARN_UNGUARDED_AVAILABILITY = YES_AGGRESSIVE;
				CLANG_WARN_UNREACHABLE_CODE = YES;
				CLANG_WARN__DUPLICATE_METHOD_MATCH = YES;
				COPY_PHASE_STRIP = NO;
				DEBUG_INFORMATION_FORMAT = dwarf;
				ENABLE_STRICT_OBJC_MSGSEND = YES;
				ENABLE_TESTABILITY = YES;
				GCC_C_LANGUAGE_STANDARD = gnu11;
				GCC_DYNAMIC_NO_PIC = NO;
				GCC_NO_COMMON_BLOCKS = YES;
				GCC_OPTIMIZATION_LEVEL = 0;
				GCC_PREPROCESSOR_DEFINITIONS = (
					"DEBUG=1",
					"$(inherited)",
				);
				GCC_WARN_64_TO_32_BIT_CONVERSION = YES;
				GCC_WARN_ABOUT_RETURN_TYPE = YES_ERROR;
				GCC_WARN_UNDECLARED_SELECTOR = YES;
				GCC_WARN_UNINITIALIZED_AUTOS = YES_AGGRESSIVE;
				GCC_WARN_UNUSED_FUNCTION = YES;
				GCC_WARN_UNUSED_VARIABLE = YES;
				IPHONEOS_DEPLOYMENT_TARGET = 14.4;
				MTL_ENABLE_DEBUG_INFO = INCLUDE_SOURCE;
				MTL_FAST_MATH = YES;
				ONLY_ACTIVE_ARCH = YES;
				SDKROOT = iphoneos;
				SWIFT_ACTIVE_COMPILATION_CONDITIONS = DEBUG;
				SWIFT_OPTIMIZATION_LEVEL = "-Onone";
			};
			name = Debug;
		};
		C82FCE2926424FF000F2E22B /* Release */ = {
			isa = XCBuildConfiguration;
			buildSettings = {
				ALWAYS_SEARCH_USER_PATHS = NO;
				CLANG_ANALYZER_NONNULL = YES;
				CLANG_ANALYZER_NUMBER_OBJECT_CONVERSION = YES_AGGRESSIVE;
				CLANG_CXX_LANGUAGE_STANDARD = "gnu++14";
				CLANG_CXX_LIBRARY = "libc++";
				CLANG_ENABLE_MODULES = YES;
				CLANG_ENABLE_OBJC_ARC = YES;
				CLANG_ENABLE_OBJC_WEAK = YES;
				CLANG_WARN_BLOCK_CAPTURE_AUTORELEASING = YES;
				CLANG_WARN_BOOL_CONVERSION = YES;
				CLANG_WARN_COMMA = YES;
				CLANG_WARN_CONSTANT_CONVERSION = YES;
				CLANG_WARN_DEPRECATED_OBJC_IMPLEMENTATIONS = YES;
				CLANG_WARN_DIRECT_OBJC_ISA_USAGE = YES_ERROR;
				CLANG_WARN_DOCUMENTATION_COMMENTS = YES;
				CLANG_WARN_EMPTY_BODY = YES;
				CLANG_WARN_ENUM_CONVERSION = YES;
				CLANG_WARN_INFINITE_RECURSION = YES;
				CLANG_WARN_INT_CONVERSION = YES;
				CLANG_WARN_NON_LITERAL_NULL_CONVERSION = YES;
				CLANG_WARN_OBJC_IMPLICIT_RETAIN_SELF = YES;
				CLANG_WARN_OBJC_LITERAL_CONVERSION = YES;
				CLANG_WARN_OBJC_ROOT_CLASS = YES_ERROR;
				CLANG_WARN_QUOTED_INCLUDE_IN_FRAMEWORK_HEADER = YES;
				CLANG_WARN_RANGE_LOOP_ANALYSIS = YES;
				CLANG_WARN_STRICT_PROTOTYPES = YES;
				CLANG_WARN_SUSPICIOUS_MOVE = YES;
				CLANG_WARN_UNGUARDED_AVAILABILITY = YES_AGGRESSIVE;
				CLANG_WARN_UNREACHABLE_CODE = YES;
				CLANG_WARN__DUPLICATE_METHOD_MATCH = YES;
				COPY_PHASE_STRIP = NO;
				DEBUG_INFORMATION_FORMAT = "dwarf-with-dsym";
				ENABLE_NS_ASSERTIONS = NO;
				ENABLE_STRICT_OBJC_MSGSEND = YES;
				GCC_C_LANGUAGE_STANDARD = gnu11;
				GCC_NO_COMMON_BLOCKS = YES;
				GCC_WARN_64_TO_32_BIT_CONVERSION = YES;
				GCC_WARN_ABOUT_RETURN_TYPE = YES_ERROR;
				GCC_WARN_UNDECLARED_SELECTOR = YES;
				GCC_WARN_UNINITIALIZED_AUTOS = YES_AGGRESSIVE;
				GCC_WARN_UNUSED_FUNCTION = YES;
				GCC_WARN_UNUSED_VARIABLE = YES;
				IPHONEOS_DEPLOYMENT_TARGET = 14.4;
				MTL_ENABLE_DEBUG_INFO = NO;
				MTL_FAST_MATH = YES;
				SDKROOT = iphoneos;
				SWIFT_COMPILATION_MODE = wholemodule;
				SWIFT_OPTIMIZATION_LEVEL = "-O";
				VALIDATE_PRODUCT = YES;
			};
			name = Release;
		};
		C82FCE2B26424FF000F2E22B /* Debug */ = {
			isa = XCBuildConfiguration;
			buildSettings = {
				ASSETCATALOG_COMPILER_APPICON_NAME = AppIcon;
				ASSETCATALOG_COMPILER_GLOBAL_ACCENT_COLOR_NAME = AccentColor;
				CODE_SIGN_STYLE = Automatic;
				DEVELOPMENT_TEAM = 5PA4XGMY5K;
				INFOPLIST_FILE = practice5/Info.plist;
				LD_RUNPATH_SEARCH_PATHS = (
					"$(inherited)",
					"@executable_path/Frameworks",
				);
				PRODUCT_BUNDLE_IDENTIFIER = com.gmai.at.0130.145.practice5;
				PRODUCT_NAME = "$(TARGET_NAME)";
				SWIFT_VERSION = 5.0;
				TARGETED_DEVICE_FAMILY = 1;
			};
			name = Debug;
		};
		C82FCE2C26424FF000F2E22B /* Release */ = {
			isa = XCBuildConfiguration;
			buildSettings = {
				ASSETCATALOG_COMPILER_APPICON_NAME = AppIcon;
				ASSETCATALOG_COMPILER_GLOBAL_ACCENT_COLOR_NAME = AccentColor;
				CODE_SIGN_STYLE = Automatic;
				DEVELOPMENT_TEAM = 5PA4XGMY5K;
				INFOPLIST_FILE = practice5/Info.plist;
				LD_RUNPATH_SEARCH_PATHS = (
					"$(inherited)",
					"@executable_path/Frameworks",
				);
				PRODUCT_BUNDLE_IDENTIFIER = com.gmai.at.0130.145.practice5;
				PRODUCT_NAME = "$(TARGET_NAME)";
				SWIFT_VERSION = 5.0;
				TARGETED_DEVICE_FAMILY = 1;
			};
			name = Release;
		};
/* End XCBuildConfiguration section */

/* Begin XCConfigurationList section */
		C82FCE1126424FEF00F2E22B /* Build configuration list for PBXProject "practice5" */ = {
			isa = XCConfigurationList;
			buildConfigurations = (
				C82FCE2826424FF000F2E22B /* Debug */,
				C82FCE2926424FF000F2E22B /* Release */,
			);
			defaultConfigurationIsVisible = 0;
			defaultConfigurationName = Release;
		};
		C82FCE2A26424FF000F2E22B /* Build configuration list for PBXNativeTarget "practice5" */ = {
			isa = XCConfigurationList;
			buildConfigurations = (
				C82FCE2B26424FF000F2E22B /* Debug */,
				C82FCE2C26424FF000F2E22B /* Release */,
			);
			defaultConfigurationIsVisible = 0;
			defaultConfigurationName = Release;
		};
/* End XCConfigurationList section */
	};
	rootObject = C82FCE0E26424FEF00F2E22B /* Project object */;
}
